
Microsoft Visual Studio Solution File, Format Version 12.00
# Visual Studio 15
VisualStudioVersion = 15.0.27703.2018
MinimumVisualStudioVersion = 10.0.40219.1
Project("{FAE04EC0-301F-11D3-BF4B-00C04F79EFBC}") = "Sweepstakes", "Sweepstakes\Sweepstakes.csproj", "{480821DA-A5A2-46C2-9451-08A7789C0818}"
EndProject
Global
	GlobalSection(SolutionConfigurationPlatforms) = preSolution
		Debug|Any CPU = Debug|Any CPU
		Release|Any CPU = Release|Any CPU
	EndGlobalSection
	GlobalSection(ProjectConfigurationPlatforms) = postSolution
		{480821DA-A5A2-46C2-9451-08A7789C0818}.Debug|Any CPU.ActiveCfg = Debug|Any CPU
		{480821DA-A5A2-46C2-9451-08A7789C0818}.Debug|Any CPU.Build.0 = Debug|Any CPU
		{480821DA-A5A2-46C2-9451-08A7789C0818}.Release|Any CPU.ActiveCfg = Release|Any CPU
		{480821DA-A5A2-46C2-9451-08A7789C0818}.Release|Any CPU.Build.0 = Release|Any CPU
	EndGlobalSection
	GlobalSection(SolutionProperties) = preSolution
		HideSolutionNode = FALSE
	EndGlobalSection
	GlobalSection(ExtensibilityGlobals) = postSolution
		SolutionGuid = {86D48CEA-FBBF-4525-A428-E8D8169892A5}
	EndGlobalSection
EndGlobal
